
Microsoft Visual Studio Solution File, Format Version 12.00
# Visual Studio Version 16
VisualStudioVersion = 16.0.28803.352
MinimumVisualStudioVersion = 10.0.40219.1
Project("{FAE04EC0-301F-11D3-BF4B-00C04F79EFBC}") = "FHole", "FHole\FHole.csproj", "{117CACBD-11F8-406B-99A3-D4E57B38D6BD}"
EndProject
Global
	GlobalSection(SolutionConfigurationPlatforms) = preSolution
		Debug|Any CPU = Debug|Any CPU
		Release|Any CPU = Release|Any CPU
	EndGlobalSection
	GlobalSection(ProjectConfigurationPlatforms) = postSolution
		{117CACBD-11F8-406B-99A3-D4E57B38D6BD}.Debug|Any CPU.ActiveCfg = Debug|Any CPU
		{117CACBD-11F8-406B-99A3-D4E57B38D6BD}.Debug|Any CPU.Build.0 = Debug|Any CPU
		{117CACBD-11F8-406B-99A3-D4E57B38D6BD}.Release|Any CPU.ActiveCfg = Release|Any CPU
		{117CACBD-11F8-406B-99A3-D4E57B38D6BD}.Release|Any CPU.Build.0 = Release|Any CPU
	EndGlobalSection
	GlobalSection(SolutionProperties) = preSolution
		HideSolutionNode = FALSE
	EndGlobalSection
	GlobalSection(ExtensibilityGlobals) = postSolution
		SolutionGuid = {A681A8A6-89C7-43BB-A4EA-D6B28004ADC3}
	EndGlobalSection
EndGlobal
